// !$*UTF8*$!
{
	archiveVersion = 1;
	classes = {
	};
	objectVersion = 50;
	objects = {

/* Begin PBXBuildFile section */
		11D357322244B1550035D260 /* AppDelegate.swift in Sources */ = {isa = PBXBuildFile; fileRef = 11D357312244B1550035D260 /* AppDelegate.swift */; };
		11D357372244B1550035D260 /* Main.storyboard in Resources */ = {isa = PBXBuildFile; fileRef = 11D357352244B1550035D260 /* Main.storyboard */; };
		11D357392244B1570035D260 /* Assets.xcassets in Resources */ = {isa = PBXBuildFile; fileRef = 11D357382244B1570035D260 /* Assets.xcassets */; };
		11D3573C2244B1570035D260 /* LaunchScreen.storyboard in Resources */ = {isa = PBXBuildFile; fileRef = 11D3573A2244B1570035D260 /* LaunchScreen.storyboard */; };
		11D357472244B1570035D260 /* GitStudyTests.swift in Sources */ = {isa = PBXBuildFile; fileRef = 11D357462244B1570035D260 /* GitStudyTests.swift */; };
		11D357522244B1570035D260 /* GitStudyUITests.swift in Sources */ = {isa = PBXBuildFile; fileRef = 11D357512244B1570035D260 /* GitStudyUITests.swift */; };
		11D357622244BB0A0035D260 /* Logging.storyboard in Resources */ = {isa = PBXBuildFile; fileRef = 11D357612244BB0A0035D260 /* Logging.storyboard */; };
		11D357642244BB350035D260 /* MyPage.storyboard in Resources */ = {isa = PBXBuildFile; fileRef = 11D357632244BB350035D260 /* MyPage.storyboard */; };
		11D357662244BB4F0035D260 /* Home.storyboard in Resources */ = {isa = PBXBuildFile; fileRef = 11D357652244BB4F0035D260 /* Home.storyboard */; };
		11D357702244BF420035D260 /* MainTabBarController.swift in Sources */ = {isa = PBXBuildFile; fileRef = 11D3576F2244BF420035D260 /* MainTabBarController.swift */; };
		11D357722244BF6E0035D260 /* HomeViewController.swift in Sources */ = {isa = PBXBuildFile; fileRef = 11D357712244BF6E0035D260 /* HomeViewController.swift */; };
		11D357742244BF7A0035D260 /* LoggingViewController.swift in Sources */ = {isa = PBXBuildFile; fileRef = 11D357732244BF7A0035D260 /* LoggingViewController.swift */; };
		11D357762244BF890035D260 /* AddLoggingViewController.swift in Sources */ = {isa = PBXBuildFile; fileRef = 11D357752244BF890035D260 /* AddLoggingViewController.swift */; };
		11D357782244BF9B0035D260 /* MyPageViewController.swift in Sources */ = {isa = PBXBuildFile; fileRef = 11D357772244BF9B0035D260 /* MyPageViewController.swift */; };
/* End PBXBuildFile section */

/* Begin PBXContainerItemProxy section */
		11D357432244B1570035D260 /* PBXContainerItemProxy */ = {
			isa = PBXContainerItemProxy;
			containerPortal = 11D357262244B1550035D260 /* Project object */;
			proxyType = 1;
			remoteGlobalIDString = 11D3572D2244B1550035D260;
			remoteInfo = GitStudy;
		};
		11D3574E2244B1570035D260 /* PBXContainerItemProxy */ = {
			isa = PBXContainerItemProxy;
			containerPortal = 11D357262244B1550035D260 /* Project object */;
			proxyType = 1;
			remoteGlobalIDString = 11D3572D2244B1550035D260;
			remoteInfo = GitStudy;
		};
/* End PBXContainerItemProxy section */

/* Begin PBXFileReference section */
		11D3572E2244B1550035D260 /* GitStudy.app */ = {isa = PBXFileReference; explicitFileType = wrapper.application; includeInIndex = 0; path = GitStudy.app; sourceTree = BUILT_PRODUCTS_DIR; };
		11D357312244B1550035D260 /* AppDelegate.swift */ = {isa = PBXFileReference; lastKnownFileType = sourcecode.swift; path = AppDelegate.swift; sourceTree = "<group>"; };
		11D357362244B1550035D260 /* Base */ = {isa = PBXFileReference; lastKnownFileType = file.storyboard; name = Base; path = Base.lproj/Main.storyboard; sourceTree = "<group>"; };
		11D357382244B1570035D260 /* Assets.xcassets */ = {isa = PBXFileReference; lastKnownFileType = folder.assetcatalog; path = Assets.xcassets; sourceTree = "<group>"; };
		11D3573B2244B1570035D260 /* Base */ = {isa = PBXFileReference; lastKnownFileType = file.storyboard; name = Base; path = Base.lproj/LaunchScreen.storyboard; sourceTree = "<group>"; };
		11D3573D2244B1570035D260 /* Info.plist */ = {isa = PBXFileReference; lastKnownFileType = text.plist.xml; path = Info.plist; sourceTree = "<group>"; };
		11D357422244B1570035D260 /* GitStudyTests.xctest */ = {isa = PBXFileReference; explicitFileType = wrapper.cfbundle; includeInIndex = 0; path = GitStudyTests.xctest; sourceTree = BUILT_PRODUCTS_DIR; };
		11D357462244B1570035D260 /* GitStudyTests.swift */ = {isa = PBXFileReference; lastKnownFileType = sourcecode.swift; path = GitStudyTests.swift; sourceTree = "<group>"; };
		11D357482244B1570035D260 /* Info.plist */ = {isa = PBXFileReference; lastKnownFileType = text.plist.xml; path = Info.plist; sourceTree = "<group>"; };
		11D3574D2244B1570035D260 /* GitStudyUITests.xctest */ = {isa = PBXFileReference; explicitFileType = wrapper.cfbundle; includeInIndex = 0; path = GitStudyUITests.xctest; sourceTree = BUILT_PRODUCTS_DIR; };
		11D357512244B1570035D260 /* GitStudyUITests.swift */ = {isa = PBXFileReference; lastKnownFileType = sourcecode.swift; path = GitStudyUITests.swift; sourceTree = "<group>"; };
		11D357532244B1570035D260 /* Info.plist */ = {isa = PBXFileReference; lastKnownFileType = text.plist.xml; path = Info.plist; sourceTree = "<group>"; };
		11D357612244BB0A0035D260 /* Logging.storyboard */ = {isa = PBXFileReference; lastKnownFileType = file.storyboard; path = Logging.storyboard; sourceTree = "<group>"; };
		11D357632244BB350035D260 /* MyPage.storyboard */ = {isa = PBXFileReference; lastKnownFileType = file.storyboard; path = MyPage.storyboard; sourceTree = "<group>"; };
		11D357652244BB4F0035D260 /* Home.storyboard */ = {isa = PBXFileReference; lastKnownFileType = file.storyboard; path = Home.storyboard; sourceTree = "<group>"; };
		11D3576F2244BF420035D260 /* MainTabBarController.swift */ = {isa = PBXFileReference; lastKnownFileType = sourcecode.swift; path = MainTabBarController.swift; sourceTree = "<group>"; };
		11D357712244BF6E0035D260 /* HomeViewController.swift */ = {isa = PBXFileReference; lastKnownFileType = sourcecode.swift; path = HomeViewController.swift; sourceTree = "<group>"; };
		11D357732244BF7A0035D260 /* LoggingViewController.swift */ = {isa = PBXFileReference; lastKnownFileType = sourcecode.swift; path = LoggingViewController.swift; sourceTree = "<group>"; };
		11D357752244BF890035D260 /* AddLoggingViewController.swift */ = {isa = PBXFileReference; lastKnownFileType = sourcecode.swift; path = AddLoggingViewController.swift; sourceTree = "<group>"; };
		11D357772244BF9B0035D260 /* MyPageViewController.swift */ = {isa = PBXFileReference; lastKnownFileType = sourcecode.swift; path = MyPageViewController.swift; sourceTree = "<group>"; };
/* End PBXFileReference section */

/* Begin PBXFrameworksBuildPhase section */
		11D3572B2244B1550035D260 /* Frameworks */ = {
			isa = PBXFrameworksBuildPhase;
			buildActionMask = 2147483647;
			files = (
			);
			runOnlyForDeploymentPostprocessing = 0;
		};
		11D3573F2244B1570035D260 /* Frameworks */ = {
			isa = PBXFrameworksBuildPhase;
			buildActionMask = 2147483647;
			files = (
			);
			runOnlyForDeploymentPostprocessing = 0;
		};
		11D3574A2244B1570035D260 /* Frameworks */ = {
			isa = PBXFrameworksBuildPhase;
			buildActionMask = 2147483647;
			files = (
			);
			runOnlyForDeploymentPostprocessing = 0;
		};
/* End PBXFrameworksBuildPhase section */

/* Begin PBXGroup section */
		11D357252244B1550035D260 = {
			isa = PBXGroup;
			children = (
				11D357302244B1550035D260 /* GitStudy */,
				11D357452244B1570035D260 /* GitStudyTests */,
				11D357502244B1570035D260 /* GitStudyUITests */,
				11D3572F2244B1550035D260 /* Products */,
			);
			sourceTree = "<group>";
		};
		11D3572F2244B1550035D260 /* Products */ = {
			isa = PBXGroup;
			children = (
				11D3572E2244B1550035D260 /* GitStudy.app */,
				11D357422244B1570035D260 /* GitStudyTests.xctest */,
				11D3574D2244B1570035D260 /* GitStudyUITests.xctest */,
			);
			name = Products;
			sourceTree = "<group>";
		};
		11D357302244B1550035D260 /* GitStudy */ = {
			isa = PBXGroup;
			children = (
				11D357312244B1550035D260 /* AppDelegate.swift */,
				11D357352244B1550035D260 /* Main.storyboard */,
				11D3576F2244BF420035D260 /* MainTabBarController.swift */,
				11D357652244BB4F0035D260 /* Home.storyboard */,
				11D357712244BF6E0035D260 /* HomeViewController.swift */,
				11D357612244BB0A0035D260 /* Logging.storyboard */,
				11D357732244BF7A0035D260 /* LoggingViewController.swift */,
				11D357752244BF890035D260 /* AddLoggingViewController.swift */,
				11D357632244BB350035D260 /* MyPage.storyboard */,
				11D357772244BF9B0035D260 /* MyPageViewController.swift */,
				11D357382244B1570035D260 /* Assets.xcassets */,
				11D3573A2244B1570035D260 /* LaunchScreen.storyboard */,
				11D3573D2244B1570035D260 /* Info.plist */,
			);
			path = GitStudy;
			sourceTree = "<group>";
		};
		11D357452244B1570035D260 /* GitStudyTests */ = {
			isa = PBXGroup;
			children = (
				11D357462244B1570035D260 /* GitStudyTests.swift */,
				11D357482244B1570035D260 /* Info.plist */,
			);
			path = GitStudyTests;
			sourceTree = "<group>";
		};
		11D357502244B1570035D260 /* GitStudyUITests */ = {
			isa = PBXGroup;
			children = (
				11D357512244B1570035D260 /* GitStudyUITests.swift */,
				11D357532244B1570035D260 /* Info.plist */,
			);
			path = GitStudyUITests;
			sourceTree = "<group>";
		};
/* End PBXGroup section */

/* Begin PBXNativeTarget section */
		11D3572D2244B1550035D260 /* GitStudy */ = {
			isa = PBXNativeTarget;
			buildConfigurationList = 11D357562244B1570035D260 /* Build configuration list for PBXNativeTarget "GitStudy" */;
			buildPhases = (
				11D3572A2244B1550035D260 /* Sources */,
				11D3572B2244B1550035D260 /* Frameworks */,
				11D3572C2244B1550035D260 /* Resources */,
			);
			buildRules = (
			);
			dependencies = (
			);
			name = GitStudy;
			productName = GitStudy;
			productReference = 11D3572E2244B1550035D260 /* GitStudy.app */;
			productType = "com.apple.product-type.application";
		};
		11D357412244B1570035D260 /* GitStudyTests */ = {
			isa = PBXNativeTarget;
			buildConfigurationList = 11D357592244B1570035D260 /* Build configuration list for PBXNativeTarget "GitStudyTests" */;
			buildPhases = (
				11D3573E2244B1570035D260 /* Sources */,
				11D3573F2244B1570035D260 /* Frameworks */,
				11D357402244B1570035D260 /* Resources */,
			);
			buildRules = (
			);
			dependencies = (
				11D357442244B1570035D260 /* PBXTargetDependency */,
			);
			name = GitStudyTests;
			productName = GitStudyTests;
			productReference = 11D357422244B1570035D260 /* GitStudyTests.xctest */;
			productType = "com.apple.product-type.bundle.unit-test";
		};
		11D3574C2244B1570035D260 /* GitStudyUITests */ = {
			isa = PBXNativeTarget;
			buildConfigurationList = 11D3575C2244B1570035D260 /* Build configuration list for PBXNativeTarget "GitStudyUITests" */;
			buildPhases = (
				11D357492244B1570035D260 /* Sources */,
				11D3574A2244B1570035D260 /* Frameworks */,
				11D3574B2244B1570035D260 /* Resources */,
			);
			buildRules = (
			);
			dependencies = (
				11D3574F2244B1570035D260 /* PBXTargetDependency */,
			);
			name = GitStudyUITests;
			productName = GitStudyUITests;
			productReference = 11D3574D2244B1570035D260 /* GitStudyUITests.xctest */;
			productType = "com.apple.product-type.bundle.ui-testing";
		};
/* End PBXNativeTarget section */

/* Begin PBXProject section */
		11D357262244B1550035D260 /* Project object */ = {
			isa = PBXProject;
			attributes = {
				LastSwiftUpdateCheck = 1010;
				LastUpgradeCheck = 1010;
				ORGANIZATIONNAME = "Sakine Nishibayashi";
				TargetAttributes = {
					11D3572D2244B1550035D260 = {
						CreatedOnToolsVersion = 10.1;
					};
					11D357412244B1570035D260 = {
						CreatedOnToolsVersion = 10.1;
						TestTargetID = 11D3572D2244B1550035D260;
					};
					11D3574C2244B1570035D260 = {
						CreatedOnToolsVersion = 10.1;
						TestTargetID = 11D3572D2244B1550035D260;
					};
				};
			};
			buildConfigurationList = 11D357292244B1550035D260 /* Build configuration list for PBXProject "GitStudy" */;
			compatibilityVersion = "Xcode 9.3";
			developmentRegion = en;
			hasScannedForEncodings = 0;
			knownRegions = (
				en,
				Base,
			);
			mainGroup = 11D357252244B1550035D260;
			productRefGroup = 11D3572F2244B1550035D260 /* Products */;
			projectDirPath = "";
			projectRoot = "";
			targets = (
				11D3572D2244B1550035D260 /* GitStudy */,
				11D357412244B1570035D260 /* GitStudyTests */,
				11D3574C2244B1570035D260 /* GitStudyUITests */,
			);
		};
/* End PBXProject section */

/* Begin PBXResourcesBuildPhase section */
		11D3572C2244B1550035D260 /* Resources */ = {
			isa = PBXResourcesBuildPhase;
			buildActionMask = 2147483647;
			files = (
				11D357622244BB0A0035D260 /* Logging.storyboard in Resources */,
				11D357642244BB350035D260 /* MyPage.storyboard in Resources */,
				11D3573C2244B1570035D260 /* LaunchScreen.storyboard in Resources */,
				11D357662244BB4F0035D260 /* Home.storyboard in Resources */,
				11D357392244B1570035D260 /* Assets.xcassets in Resources */,
				11D357372244B1550035D260 /* Main.storyboard in Resources */,
			);
			runOnlyForDeploymentPostprocessing = 0;
		};
		11D357402244B1570035D260 /* Resources */ = {
			isa = PBXResourcesBuildPhase;
			buildActionMask = 2147483647;
			files = (
			);
			runOnlyForDeploymentPostprocessing = 0;
		};
		11D3574B2244B1570035D260 /* Resources */ = {
			isa = PBXResourcesBuildPhase;
			buildActionMask = 2147483647;
			files = (
			);
			runOnlyForDeploymentPostprocessing = 0;
		};
/* End PBXResourcesBuildPhase section */

/* Begin PBXSourcesBuildPhase section */
		11D3572A2244B1550035D260 /* Sources */ = {
			isa = PBXSourcesBuildPhase;
			buildActionMask = 2147483647;
			files = (
				11D357742244BF7A0035D260 /* LoggingViewController.swift in Sources */,
				11D357782244BF9B0035D260 /* MyPageViewController.swift in Sources */,
				11D357762244BF890035D260 /* AddLoggingViewController.swift in Sources */,
				11D357322244B1550035D260 /* AppDelegate.swift in Sources */,
				11D357702244BF420035D260 /* MainTabBarController.swift in Sources */,
				11D357722244BF6E0035D260 /* HomeViewController.swift in Sources */,
			);
			runOnlyForDeploymentPostprocessing = 0;
		};
		11D3573E2244B1570035D260 /* Sources */ = {
			isa = PBXSourcesBuildPhase;
			buildActionMask = 2147483647;
			files = (
				11D357472244B1570035D260 /* GitStudyTests.swift in Sources */,
			);
			runOnlyForDeploymentPostprocessing = 0;
		};
		11D357492244B1570035D260 /* Sources */ = {
			isa = PBXSourcesBuildPhase;
			buildActionMask = 2147483647;
			files = (
				11D357522244B1570035D260 /* GitStudyUITests.swift in Sources */,
			);
			runOnlyForDeploymentPostprocessing = 0;
		};
/* End PBXSourcesBuildPhase section */

/* Begin PBXTargetDependency section */
		11D357442244B1570035D260 /* PBXTargetDependency */ = {
			isa = PBXTargetDependency;
			target = 11D3572D2244B1550035D260 /* GitStudy */;
			targetProxy = 11D357432244B1570035D260 /* PBXContainerItemProxy */;
		};
		11D3574F2244B1570035D260 /* PBXTargetDependency */ = {
			isa = PBXTargetDependency;
			target = 11D3572D2244B1550035D260 /* GitStudy */;
			targetProxy = 11D3574E2244B1570035D260 /* PBXContainerItemProxy */;
		};
/* End PBXTargetDependency section */

/* Begin PBXVariantGroup section */
		11D357352244B1550035D260 /* Main.storyboard */ = {
			isa = PBXVariantGroup;
			children = (
				11D357362244B1550035D260 /* Base */,
			);
			name = Main.storyboard;
			sourceTree = "<group>";
		};
		11D3573A2244B1570035D260 /* LaunchScreen.storyboard */ = {
			isa = PBXVariantGroup;
			children = (
				11D3573B2244B1570035D260 /* Base */,
			);
			name = LaunchScreen.storyboard;
			sourceTree = "<group>";
		};
/* End PBXVariantGroup section */

/* Begin XCBuildConfiguration section */
		11D357542244B1570035D260 /* Debug */ = {
			isa = XCBuildConfiguration;
			buildSettings = {
				ALWAYS_SEARCH_USER_PATHS = NO;
				CLANG_ANALYZER_NONNULL = YES;
				CLANG_ANALYZER_NUMBER_OBJECT_CONVERSION = YES_AGGRESSIVE;
				CLANG_CXX_LANGUAGE_STANDARD = "gnu++14";
				CLANG_CXX_LIBRARY = "libc++";
				CLANG_ENABLE_MODULES = YES;
				CLANG_ENABLE_OBJC_ARC = YES;
				CLANG_ENABLE_OBJC_WEAK = YES;
				CLANG_WARN_BLOCK_CAPTURE_AUTORELEASING = YES;
				CLANG_WARN_BOOL_CONVERSION = YES;
				CLANG_WARN_COMMA = YES;
				CLANG_WARN_CONSTANT_CONVERSION = YES;
				CLANG_WARN_DEPRECATED_OBJC_IMPLEMENTATIONS = YES;
				CLANG_WARN_DIRECT_OBJC_ISA_USAGE = YES_ERROR;
				CLANG_WARN_DOCUMENTATION_COMMENTS = YES;
				CLANG_WARN_EMPTY_BODY = YES;
				CLANG_WARN_ENUM_CONVERSION = YES;
				CLANG_WARN_INFINITE_RECURSION = YES;
				CLANG_WARN_INT_CONVERSION = YES;
				CLANG_WARN_NON_LITERAL_NULL_CONVERSION = YES;
				CLANG_WARN_OBJC_IMPLICIT_RETAIN_SELF = YES;
				CLANG_WARN_OBJC_LITERAL_CONVERSION = YES;
				CLANG_WARN_OBJC_ROOT_CLASS = YES_ERROR;
				CLANG_WARN_RANGE_LOOP_ANALYSIS = YES;
				CLANG_WARN_STRICT_PROTOTYPES = YES;
				CLANG_WARN_SUSPICIOUS_MOVE = YES;
				CLANG_WARN_UNGUARDED_AVAILABILITY = YES_AGGRESSIVE;
				CLANG_WARN_UNREACHABLE_CODE = YES;
				CLANG_WARN__DUPLICATE_METHOD_MATCH = YES;
				CODE_SIGN_IDENTITY = "iPhone Developer";
				COPY_PHASE_STRIP = NO;
				DEBUG_INFORMATION_FORMAT = dwarf;
				ENABLE_STRICT_OBJC_MSGSEND = YES;
				ENABLE_TESTABILITY = YES;
				GCC_C_LANGUAGE_STANDARD = gnu11;
				GCC_DYNAMIC_NO_PIC = NO;
				GCC_NO_COMMON_BLOCKS = YES;
				GCC_OPTIMIZATION_LEVEL = 0;
				GCC_PREPROCESSOR_DEFINITIONS = (
					"DEBUG=1",
					"$(inherited)",
				);
				GCC_WARN_64_TO_32_BIT_CONVERSION = YES;
				GCC_WARN_ABOUT_RETURN_TYPE = YES_ERROR;
				GCC_WARN_UNDECLARED_SELECTOR = YES;
				GCC_WARN_UNINITIALIZED_AUTOS = YES_AGGRESSIVE;
				GCC_WARN_UNUSED_FUNCTION = YES;
				GCC_WARN_UNUSED_VARIABLE = YES;
				IPHONEOS_DEPLOYMENT_TARGET = 12.1;
				MTL_ENABLE_DEBUG_INFO = INCLUDE_SOURCE;
				MTL_FAST_MATH = YES;
				ONLY_ACTIVE_ARCH = YES;
				SDKROOT = iphoneos;
				SWIFT_ACTIVE_COMPILATION_CONDITIONS = DEBUG;
				SWIFT_OPTIMIZATION_LEVEL = "-Onone";
			};
			name = Debug;
		};
		11D357552244B1570035D260 /* Release */ = {
			isa = XCBuildConfiguration;
			buildSettings = {
				ALWAYS_SEARCH_USER_PATHS = NO;
				CLANG_ANALYZER_NONNULL = YES;
				CLANG_ANALYZER_NUMBER_OBJECT_CONVERSION = YES_AGGRESSIVE;
				CLANG_CXX_LANGUAGE_STANDARD = "gnu++14";
				CLANG_CXX_LIBRARY = "libc++";
				CLANG_ENABLE_MODULES = YES;
				CLANG_ENABLE_OBJC_ARC = YES;
				CLANG_ENABLE_OBJC_WEAK = YES;
				CLANG_WARN_BLOCK_CAPTURE_AUTORELEASING = YES;
				CLANG_WARN_BOOL_CONVERSION = YES;
				CLANG_WARN_COMMA = YES;
				CLANG_WARN_CONSTANT_CONVERSION = YES;
				CLANG_WARN_DEPRECATED_OBJC_IMPLEMENTATIONS = YES;
				CLANG_WARN_DIRECT_OBJC_ISA_USAGE = YES_ERROR;
				CLANG_WARN_DOCUMENTATION_COMMENTS = YES;
				CLANG_WARN_EMPTY_BODY = YES;
				CLANG_WARN_ENUM_CONVERSION = YES;
				CLANG_WARN_INFINITE_RECURSION = YES;
				CLANG_WARN_INT_CONVERSION = YES;
				CLANG_WARN_NON_LITERAL_NULL_CONVERSION = YES;
				CLANG_WARN_OBJC_IMPLICIT_RETAIN_SELF = YES;
				CLANG_WARN_OBJC_LITERAL_CONVERSION = YES;
				CLANG_WARN_OBJC_ROOT_CLASS = YES_ERROR;
				CLANG_WARN_RANGE_LOOP_ANALYSIS = YES;
				CLANG_WARN_STRICT_PROTOTYPES = YES;
				CLANG_WARN_SUSPICIOUS_MOVE = YES;
				CLANG_WARN_UNGUARDED_AVAILABILITY = YES_AGGRESSIVE;
				CLANG_WARN_UNREACHABLE_CODE = YES;
				CLANG_WARN__DUPLICATE_METHOD_MATCH = YES;
				CODE_SIGN_IDENTITY = "iPhone Developer";
				COPY_PHASE_STRIP = NO;
				DEBUG_INFORMATION_FORMAT = "dwarf-with-dsym";
				ENABLE_NS_ASSERTIONS = NO;
				ENABLE_STRICT_OBJC_MSGSEND = YES;
				GCC_C_LANGUAGE_STANDARD = gnu11;
				GCC_NO_COMMON_BLOCKS = YES;
				GCC_WARN_64_TO_32_BIT_CONVERSION = YES;
				GCC_WARN_ABOUT_RETURN_TYPE = YES_ERROR;
				GCC_WARN_UNDECLARED_SELECTOR = YES;
				GCC_WARN_UNINITIALIZED_AUTOS = YES_AGGRESSIVE;
				GCC_WARN_UNUSED_FUNCTION = YES;
				GCC_WARN_UNUSED_VARIABLE = YES;
				IPHONEOS_DEPLOYMENT_TARGET = 12.1;
				MTL_ENABLE_DEBUG_INFO = NO;
				MTL_FAST_MATH = YES;
				SDKROOT = iphoneos;
				SWIFT_COMPILATION_MODE = wholemodule;
				SWIFT_OPTIMIZATION_LEVEL = "-O";
				VALIDATE_PRODUCT = YES;
			};
			name = Release;
		};
		11D357572244B1570035D260 /* Debug */ = {
			isa = XCBuildConfiguration;
			buildSettings = {
				ASSETCATALOG_COMPILER_APPICON_NAME = AppIcon;
				CODE_SIGN_STYLE = Automatic;
				DEVELOPMENT_TEAM = 6753PY9LZ8;
				INFOPLIST_FILE = GitStudy/Info.plist;
				LD_RUNPATH_SEARCH_PATHS = (
					"$(inherited)",
					"@executable_path/Frameworks",
				);
				PRODUCT_BUNDLE_IDENTIFIER = sakine.GitStudy;
				PRODUCT_NAME = "$(TARGET_NAME)";
				SWIFT_VERSION = 4.2;
				TARGETED_DEVICE_FAMILY = "1,2";
			};
			name = Debug;
		};
		11D357582244B1570035D260 /* Release */ = {
			isa = XCBuildConfiguration;
			buildSettings = {
				ASSETCATALOG_COMPILER_APPICON_NAME = AppIcon;
				CODE_SIGN_STYLE = Automatic;
				DEVELOPMENT_TEAM = 6753PY9LZ8;
				INFOPLIST_FILE = GitStudy/Info.plist;
				LD_RUNPATH_SEARCH_PATHS = (
					"$(inherited)",
					"@executable_path/Frameworks",
				);
				PRODUCT_BUNDLE_IDENTIFIER = sakine.GitStudy;
				PRODUCT_NAME = "$(TARGET_NAME)";
				SWIFT_VERSION = 4.2;
				TARGETED_DEVICE_FAMILY = "1,2";
			};
			name = Release;
		};
		11D3575A2244B1570035D260 /* Debug */ = {
			isa = XCBuildConfiguration;
			buildSettings = {
				ALWAYS_EMBED_SWIFT_STANDARD_LIBRARIES = YES;
				BUNDLE_LOADER = "$(TEST_HOST)";
				CODE_SIGN_STYLE = Automatic;
				DEVELOPMENT_TEAM = W2T75EV2YE;
				INFOPLIST_FILE = GitStudyTests/Info.plist;
				LD_RUNPATH_SEARCH_PATHS = (
					"$(inherited)",
					"@executable_path/Frameworks",
					"@loader_path/Frameworks",
				);
				PRODUCT_BUNDLE_IDENTIFIER = sakine.GitStudyTests;
				PRODUCT_NAME = "$(TARGET_NAME)";
				SWIFT_VERSION = 4.2;
				TARGETED_DEVICE_FAMILY = "1,2";
				TEST_HOST = "$(BUILT_PRODUCTS_DIR)/GitStudy.app/GitStudy";
			};
			name = Debug;
		};
		11D3575B2244B1570035D260 /* Release */ = {
			isa = XCBuildConfiguration;
			buildSettings = {
				ALWAYS_EMBED_SWIFT_STANDARD_LIBRARIES = YES;
				BUNDLE_LOADER = "$(TEST_HOST)";
				CODE_SIGN_STYLE = Automatic;
				DEVELOPMENT_TEAM = W2T75EV2YE;
				INFOPLIST_FILE = GitStudyTests/Info.plist;
				LD_RUNPATH_SEARCH_PATHS = (
					"$(inherited)",
					"@executable_path/Frameworks",
					"@loader_path/Frameworks",
				);
				PRODUCT_BUNDLE_IDENTIFIER = sakine.GitStudyTests;
				PRODUCT_NAME = "$(TARGET_NAME)";
				SWIFT_VERSION = 4.2;
				TARGETED_DEVICE_FAMILY = "1,2";
				TEST_HOST = "$(BUILT_PRODUCTS_DIR)/GitStudy.app/GitStudy";
			};
			name = Release;
		};
		11D3575D2244B1570035D260 /* Debug */ = {
			isa = XCBuildConfiguration;
			buildSettings = {
				ALWAYS_EMBED_SWIFT_STANDARD_LIBRARIES = YES;
				CODE_SIGN_STYLE = Automatic;
				DEVELOPMENT_TEAM = W2T75EV2YE;
				INFOPLIST_FILE = GitStudyUITests/Info.plist;
				LD_RUNPATH_SEARCH_PATHS = (
					"$(inherited)",
					"@executable_path/Frameworks",
					"@loader_path/Frameworks",
				);
				PRODUCT_BUNDLE_IDENTIFIER = sakine.GitStudyUITests;
				PRODUCT_NAME = "$(TARGET_NAME)";
				SWIFT_VERSION = 4.2;
				TARGETED_DEVICE_FAMILY = "1,2";
				TEST_TARGET_NAME = GitStudy;
			};
			name = Debug;
		};
		11D3575E2244B1570035D260 /* Release */ = {
			isa = XCBuildConfiguration;
			buildSettings = {
				ALWAYS_EMBED_SWIFT_STANDARD_LIBRARIES = YES;
				CODE_SIGN_STYLE = Automatic;
				DEVELOPMENT_TEAM = W2T75EV2YE;
				INFOPLIST_FILE = GitStudyUITests/Info.plist;
				LD_RUNPATH_SEARCH_PATHS = (
					"$(inherited)",
					"@executable_path/Frameworks",
					"@loader_path/Frameworks",
				);
				PRODUCT_BUNDLE_IDENTIFIER = sakine.GitStudyUITests;
				PRODUCT_NAME = "$(TARGET_NAME)";
				SWIFT_VERSION = 4.2;
				TARGETED_DEVICE_FAMILY = "1,2";
				TEST_TARGET_NAME = GitStudy;
			};
			name = Release;
		};
/* End XCBuildConfiguration section */

/* Begin XCConfigurationList section */
		11D357292244B1550035D260 /* Build configuration list for PBXProject "GitStudy" */ = {
			isa = XCConfigurationList;
			buildConfigurations = (
				11D357542244B1570035D260 /* Debug */,
				11D357552244B1570035D260 /* Release */,
			);
			defaultConfigurationIsVisible = 0;
			defaultConfigurationName = Release;
		};
		11D357562244B1570035D260 /* Build configuration list for PBXNativeTarget "GitStudy" */ = {
			isa = XCConfigurationList;
			buildConfigurations = (
				11D357572244B1570035D260 /* Debug */,
				11D357582244B1570035D260 /* Release */,
			);
			defaultConfigurationIsVisible = 0;
			defaultConfigurationName = Release;
		};
		11D357592244B1570035D260 /* Build configuration list for PBXNativeTarget "GitStudyTests" */ = {
			isa = XCConfigurationList;
			buildConfigurations = (
				11D3575A2244B1570035D260 /* Debug */,
				11D3575B2244B1570035D260 /* Release */,
			);
			defaultConfigurationIsVisible = 0;
			defaultConfigurationName = Release;
		};
		11D3575C2244B1570035D260 /* Build configuration list for PBXNativeTarget "GitStudyUITests" */ = {
			isa = XCConfigurationList;
			buildConfigurations = (
				11D3575D2244B1570035D260 /* Debug */,
				11D3575E2244B1570035D260 /* Release */,
			);
			defaultConfigurationIsVisible = 0;
			defaultConfigurationName = Release;
		};
/* End XCConfigurationList section */
	};
	rootObject = 11D357262244B1550035D260 /* Project object */;
}
